
Microsoft Visual Studio Solution File, Format Version 12.00
# Visual Studio 15
VisualStudioVersion = 15.0.27004.2008
MinimumVisualStudioVersion = 10.0.40219.1
Project("{FAE04EC0-301F-11D3-BF4B-00C04F79EFBC}") = "DBFirst.EF6.Data", "DBFirst.EF6.Data\DBFirst.EF6.Data.csproj", "{5329F2FE-C480-4EDC-A43E-EF96C86F9817}"
EndProject
Project("{FAE04EC0-301F-11D3-BF4B-00C04F79EFBC}") = "DBFirst.EF6.Test", "DBFirst.EF6.Test\DBFirst.EF6.Test.csproj", "{C174C341-4B59-41B4-B37C-DE218332E464}"
EndProject
Project("{2150E333-8FDC-42A3-9474-1A3956D46DE8}") = "Solution Items", "Solution Items", "{7DEF36AE-0E4C-426A-80FC-3C59E75E559A}"
	ProjectSection(SolutionItems) = preProject
		.editorconfig = .editorconfig
	EndProjectSection
EndProject
Project("{FAE04EC0-301F-11D3-BF4B-00C04F79EFBC}") = "DBFirst.EF6.Respository", "DBFirst.EF6.Respository\DBFirst.EF6.Respository.csproj", "{13FA98D9-FBA3-4CFF-902C-2BCE20FBA4A4}"
EndProject
Project("{FAE04EC0-301F-11D3-BF4B-00C04F79EFBC}") = "DBFirst.EF6.Entity", "DBFirst.EF6.Entity\DBFirst.EF6.Entity.csproj", "{D5BEBCED-14B2-4179-8C63-39D3D2BF0D4C}"
EndProject
Project("{FAE04EC0-301F-11D3-BF4B-00C04F79EFBC}") = "DBFirst.EF6.DomainService", "DBFirst.EF6.DomainService\DBFirst.EF6.DomainService.csproj", "{74F38CF9-D0D4-41F7-914D-B650C5CA8089}"
EndProject
Project("{FAE04EC0-301F-11D3-BF4B-00C04F79EFBC}") = "DBFirst.EF6.Facade", "DBFirst.EF6.Facade\DBFirst.EF6.Facade.csproj", "{B8A419E5-79EF-4728-B6C0-05B249C77427}"
EndProject
Project("{FAE04EC0-301F-11D3-BF4B-00C04F79EFBC}") = "DBFirst.EF6.Model", "DBFirst.EF6.Model\DBFirst.EF6.Model.csproj", "{D1CD0F71-12B6-4BF9-ABC1-BBCCDF1C24B9}"
EndProject
Global
	GlobalSection(SolutionConfigurationPlatforms) = preSolution
		Debug|Any CPU = Debug|Any CPU
		Release|Any CPU = Release|Any CPU
	EndGlobalSection
	GlobalSection(ProjectConfigurationPlatforms) = postSolution
		{5329F2FE-C480-4EDC-A43E-EF96C86F9817}.Debug|Any CPU.ActiveCfg = Debug|Any CPU
		{5329F2FE-C480-4EDC-A43E-EF96C86F9817}.Debug|Any CPU.Build.0 = Debug|Any CPU
		{5329F2FE-C480-4EDC-A43E-EF96C86F9817}.Release|Any CPU.ActiveCfg = Release|Any CPU
		{5329F2FE-C480-4EDC-A43E-EF96C86F9817}.Release|Any CPU.Build.0 = Release|Any CPU
		{C174C341-4B59-41B4-B37C-DE218332E464}.Debug|Any CPU.ActiveCfg = Debug|Any CPU
		{C174C341-4B59-41B4-B37C-DE218332E464}.Debug|Any CPU.Build.0 = Debug|Any CPU
		{C174C341-4B59-41B4-B37C-DE218332E464}.Release|Any CPU.ActiveCfg = Release|Any CPU
		{C174C341-4B59-41B4-B37C-DE218332E464}.Release|Any CPU.Build.0 = Release|Any CPU
		{13FA98D9-FBA3-4CFF-902C-2BCE20FBA4A4}.Debug|Any CPU.ActiveCfg = Debug|Any CPU
		{13FA98D9-FBA3-4CFF-902C-2BCE20FBA4A4}.Debug|Any CPU.Build.0 = Debug|Any CPU
		{13FA98D9-FBA3-4CFF-902C-2BCE20FBA4A4}.Release|Any CPU.ActiveCfg = Release|Any CPU
		{13FA98D9-FBA3-4CFF-902C-2BCE20FBA4A4}.Release|Any CPU.Build.0 = Release|Any CPU
		{D5BEBCED-14B2-4179-8C63-39D3D2BF0D4C}.Debug|Any CPU.ActiveCfg = Debug|Any CPU
		{D5BEBCED-14B2-4179-8C63-39D3D2BF0D4C}.Debug|Any CPU.Build.0 = Debug|Any CPU
		{D5BEBCED-14B2-4179-8C63-39D3D2BF0D4C}.Release|Any CPU.ActiveCfg = Release|Any CPU
		{D5BEBCED-14B2-4179-8C63-39D3D2BF0D4C}.Release|Any CPU.Build.0 = Release|Any CPU
		{74F38CF9-D0D4-41F7-914D-B650C5CA8089}.Debug|Any CPU.ActiveCfg = Debug|Any CPU
		{74F38CF9-D0D4-41F7-914D-B650C5CA8089}.Debug|Any CPU.Build.0 = Debug|Any CPU
		{74F38CF9-D0D4-41F7-914D-B650C5CA8089}.Release|Any CPU.ActiveCfg = Release|Any CPU
		{74F38CF9-D0D4-41F7-914D-B650C5CA8089}.Release|Any CPU.Build.0 = Release|Any CPU
		{B8A419E5-79EF-4728-B6C0-05B249C77427}.Debug|Any CPU.ActiveCfg = Debug|Any CPU
		{B8A419E5-79EF-4728-B6C0-05B249C77427}.Debug|Any CPU.Build.0 = Debug|Any CPU
		{B8A419E5-79EF-4728-B6C0-05B249C77427}.Release|Any CPU.ActiveCfg = Release|Any CPU
		{B8A419E5-79EF-4728-B6C0-05B249C77427}.Release|Any CPU.Build.0 = Release|Any CPU
		{D1CD0F71-12B6-4BF9-ABC1-BBCCDF1C24B9}.Debug|Any CPU.ActiveCfg = Debug|Any CPU
		{D1CD0F71-12B6-4BF9-ABC1-BBCCDF1C24B9}.Debug|Any CPU.Build.0 = Debug|Any CPU
		{D1CD0F71-12B6-4BF9-ABC1-BBCCDF1C24B9}.Release|Any CPU.ActiveCfg = Release|Any CPU
		{D1CD0F71-12B6-4BF9-ABC1-BBCCDF1C24B9}.Release|Any CPU.Build.0 = Release|Any CPU
	EndGlobalSection
	GlobalSection(SolutionProperties) = preSolution
		HideSolutionNode = FALSE
	EndGlobalSection
	GlobalSection(ExtensibilityGlobals) = postSolution
		SolutionGuid = {0B647630-A468-4C9D-9340-F05770C847C0}
	EndGlobalSection
EndGlobal
